// !$*UTF8*$!
{
	archiveVersion = 1;
	classes = {
	};
	objectVersion = 46;
	objects = {

/* Begin PBXBuildFile section */
		2FEBED951D52E36B0068FA2C /* main.m in Sources */ = {isa = PBXBuildFile; fileRef = 2FEBED941D52E36B0068FA2C /* main.m */; };
		2FEBED981D52E36B0068FA2C /* AppDelegate.m in Sources */ = {isa = PBXBuildFile; fileRef = 2FEBED971D52E36B0068FA2C /* AppDelegate.m */; };
		2FEBED9B1D52E36B0068FA2C /* ViewController.m in Sources */ = {isa = PBXBuildFile; fileRef = 2FEBED9A1D52E36B0068FA2C /* ViewController.m */; };
		2FEBED9E1D52E36B0068FA2C /* Main.storyboard in Resources */ = {isa = PBXBuildFile; fileRef = 2FEBED9C1D52E36B0068FA2C /* Main.storyboard */; };
		2FEBEDA01D52E36B0068FA2C /* Assets.xcassets in Resources */ = {isa = PBXBuildFile; fileRef = 2FEBED9F1D52E36B0068FA2C /* Assets.xcassets */; };
		2FEBEDA31D52E36B0068FA2C /* LaunchScreen.storyboard in Resources */ = {isa = PBXBuildFile; fileRef = 2FEBEDA11D52E36B0068FA2C /* LaunchScreen.storyboard */; };
		2FEBEDAF1D52EA520068FA2C /* AppInfo.m in Sources */ = {isa = PBXBuildFile; fileRef = 2FEBEDAE1D52EA520068FA2C /* AppInfo.m */; };
		2FEBEDE11D52EB040068FA2C /* AFHTTPSessionManager.m in Sources */ = {isa = PBXBuildFile; fileRef = 2FEBEDB31D52EB040068FA2C /* AFHTTPSessionManager.m */; };
		2FEBEDE21D52EB040068FA2C /* AFNetworkReachabilityManager.m in Sources */ = {isa = PBXBuildFile; fileRef = 2FEBEDB61D52EB040068FA2C /* AFNetworkReachabilityManager.m */; };
		2FEBEDE31D52EB040068FA2C /* AFSecurityPolicy.m in Sources */ = {isa = PBXBuildFile; fileRef = 2FEBEDB81D52EB040068FA2C /* AFSecurityPolicy.m */; };
		2FEBEDE41D52EB040068FA2C /* AFURLRequestSerialization.m in Sources */ = {isa = PBXBuildFile; fileRef = 2FEBEDBA1D52EB040068FA2C /* AFURLRequestSerialization.m */; };
		2FEBEDE51D52EB040068FA2C /* AFURLResponseSerialization.m in Sources */ = {isa = PBXBuildFile; fileRef = 2FEBEDBC1D52EB040068FA2C /* AFURLResponseSerialization.m */; };
		2FEBEDE61D52EB040068FA2C /* AFURLSessionManager.m in Sources */ = {isa = PBXBuildFile; fileRef = 2FEBEDBE1D52EB040068FA2C /* AFURLSessionManager.m */; };
		2FEBEDE71D52EB040068FA2C /* MKAnnotationView+WebCache.m in Sources */ = {isa = PBXBuildFile; fileRef = 2FEBEDC11D52EB040068FA2C /* MKAnnotationView+WebCache.m */; };
		2FEBEDE81D52EB040068FA2C /* NSData+ImageContentType.m in Sources */ = {isa = PBXBuildFile; fileRef = 2FEBEDC31D52EB040068FA2C /* NSData+ImageContentType.m */; };
		2FEBEDE91D52EB040068FA2C /* SDImageCache.m in Sources */ = {isa = PBXBuildFile; fileRef = 2FEBEDC51D52EB040068FA2C /* SDImageCache.m */; };
		2FEBEDEA1D52EB040068FA2C /* SDWebImageCompat.m in Sources */ = {isa = PBXBuildFile; fileRef = 2FEBEDC71D52EB040068FA2C /* SDWebImageCompat.m */; };
		2FEBEDEB1D52EB040068FA2C /* SDWebImageDecoder.m in Sources */ = {isa = PBXBuildFile; fileRef = 2FEBEDC91D52EB040068FA2C /* SDWebImageDecoder.m */; };
		2FEBEDEC1D52EB040068FA2C /* SDWebImageDownloader.m in Sources */ = {isa = PBXBuildFile; fileRef = 2FEBEDCB1D52EB040068FA2C /* SDWebImageDownloader.m */; };
		2FEBEDED1D52EB040068FA2C /* SDWebImageDownloaderOperation.m in Sources */ = {isa = PBXBuildFile; fileRef = 2FEBEDCD1D52EB040068FA2C /* SDWebImageDownloaderOperation.m */; };
		2FEBEDEE1D52EB040068FA2C /* SDWebImageManager.m in Sources */ = {isa = PBXBuildFile; fileRef = 2FEBEDCF1D52EB040068FA2C /* SDWebImageManager.m */; };
		2FEBEDEF1D52EB040068FA2C /* SDWebImagePrefetcher.m in Sources */ = {isa = PBXBuildFile; fileRef = 2FEBEDD21D52EB040068FA2C /* SDWebImagePrefetcher.m */; };
		2FEBEDF01D52EB040068FA2C /* UIButton+WebCache.m in Sources */ = {isa = PBXBuildFile; fileRef = 2FEBEDD41D52EB040068FA2C /* UIButton+WebCache.m */; };
		2FEBEDF11D52EB040068FA2C /* UIImage+GIF.m in Sources */ = {isa = PBXBuildFile; fileRef = 2FEBEDD61D52EB040068FA2C /* UIImage+GIF.m */; };
		2FEBEDF21D52EB040068FA2C /* UIImage+MultiFormat.m in Sources */ = {isa = PBXBuildFile; fileRef = 2FEBEDD81D52EB040068FA2C /* UIImage+MultiFormat.m */; };
		2FEBEDF31D52EB040068FA2C /* UIImage+WebP.m in Sources */ = {isa = PBXBuildFile; fileRef = 2FEBEDDA1D52EB040068FA2C /* UIImage+WebP.m */; };
		2FEBEDF41D52EB040068FA2C /* UIImageView+HighlightedWebCache.m in Sources */ = {isa = PBXBuildFile; fileRef = 2FEBEDDC1D52EB040068FA2C /* UIImageView+HighlightedWebCache.m */; };
		2FEBEDF51D52EB040068FA2C /* UIImageView+WebCache.m in Sources */ = {isa = PBXBuildFile; fileRef = 2FEBEDDE1D52EB040068FA2C /* UIImageView+WebCache.m */; };
		2FEBEDF61D52EB040068FA2C /* UIView+WebCacheOperation.m in Sources */ = {isa = PBXBuildFile; fileRef = 2FEBEDE01D52EB040068FA2C /* UIView+WebCacheOperation.m */; };
		2FEBEDFC1D52F2660068FA2C /* AppCell.m in Sources */ = {isa = PBXBuildFile; fileRef = 2FEBEDFB1D52F2660068FA2C /* AppCell.m */; };
		2FEBEDFF1D5333060068FA2C /* NSString+path.m in Sources */ = {isa = PBXBuildFile; fileRef = 2FEBEDFE1D5333060068FA2C /* NSString+path.m */; };
/* End PBXBuildFile section */

/* Begin PBXFileReference section */
		2FEBED901D52E36B0068FA2C /* 11-异步下载网络图片.app */ = {isa = PBXFileReference; explicitFileType = wrapper.application; includeInIndex = 0; path = "11-异步下载网络图片.app"; sourceTree = BUILT_PRODUCTS_DIR; };
		2FEBED941D52E36B0068FA2C /* main.m */ = {isa = PBXFileReference; lastKnownFileType = sourcecode.c.objc; path = main.m; sourceTree = "<group>"; };
		2FEBED961D52E36B0068FA2C /* AppDelegate.h */ = {isa = PBXFileReference; lastKnownFileType = sourcecode.c.h; path = AppDelegate.h; sourceTree = "<group>"; };
		2FEBED971D52E36B0068FA2C /* AppDelegate.m */ = {isa = PBXFileReference; lastKnownFileType = sourcecode.c.objc; path = AppDelegate.m; sourceTree = "<group>"; };
		2FEBED991D52E36B0068FA2C /* ViewController.h */ = {isa = PBXFileReference; lastKnownFileType = sourcecode.c.h; path = ViewController.h; sourceTree = "<group>"; };
		2FEBED9A1D52E36B0068FA2C /* ViewController.m */ = {isa = PBXFileReference; lastKnownFileType = sourcecode.c.objc; path = ViewController.m; sourceTree = "<group>"; };
		2FEBED9D1D52E36B0068FA2C /* Base */ = {isa = PBXFileReference; lastKnownFileType = file.storyboard; name = Base; path = Base.lproj/Main.storyboard; sourceTree = "<group>"; };
		2FEBED9F1D52E36B0068FA2C /* Assets.xcassets */ = {isa = PBXFileReference; lastKnownFileType = folder.assetcatalog; path = Assets.xcassets; sourceTree = "<group>"; };
		2FEBEDA21D52E36B0068FA2C /* Base */ = {isa = PBXFileReference; lastKnownFileType = file.storyboard; name = Base; path = Base.lproj/LaunchScreen.storyboard; sourceTree = "<group>"; };
		2FEBEDA41D52E36B0068FA2C /* Info.plist */ = {isa = PBXFileReference; lastKnownFileType = text.plist.xml; path = Info.plist; sourceTree = "<group>"; };
		2FEBEDAD1D52EA520068FA2C /* AppInfo.h */ = {isa = PBXFileReference; fileEncoding = 4; lastKnownFileType = sourcecode.c.h; path = AppInfo.h; sourceTree = "<group>"; };
		2FEBEDAE1D52EA520068FA2C /* AppInfo.m */ = {isa = PBXFileReference; fileEncoding = 4; lastKnownFileType = sourcecode.c.objc; path = AppInfo.m; sourceTree = "<group>"; };
		2FEBEDB21D52EB040068FA2C /* AFHTTPSessionManager.h */ = {isa = PBXFileReference; fileEncoding = 4; lastKnownFileType = sourcecode.c.h; path = AFHTTPSessionManager.h; sourceTree = "<group>"; };
		2FEBEDB31D52EB040068FA2C /* AFHTTPSessionManager.m */ = {isa = PBXFileReference; fileEncoding = 4; lastKnownFileType = sourcecode.c.objc; path = AFHTTPSessionManager.m; sourceTree = "<group>"; };
		2FEBEDB41D52EB040068FA2C /* AFNetworking.h */ = {isa = PBXFileReference; fileEncoding = 4; lastKnownFileType = sourcecode.c.h; path = AFNetworking.h; sourceTree = "<group>"; };
		2FEBEDB51D52EB040068FA2C /* AFNetworkReachabilityManager.h */ = {isa = PBXFileReference; fileEncoding = 4; lastKnownFileType = sourcecode.c.h; path = AFNetworkReachabilityManager.h; sourceTree = "<group>"; };
		2FEBEDB61D52EB040068FA2C /* AFNetworkReachabilityManager.m */ = {isa = PBXFileReference; fileEncoding = 4; lastKnownFileType = sourcecode.c.objc; path = AFNetworkReachabilityManager.m; sourceTree = "<group>"; };
		2FEBEDB71D52EB040068FA2C /* AFSecurityPolicy.h */ = {isa = PBXFileReference; fileEncoding = 4; lastKnownFileType = sourcecode.c.h; path = AFSecurityPolicy.h; sourceTree = "<group>"; };
		2FEBEDB81D52EB040068FA2C /* AFSecurityPolicy.m */ = {isa = PBXFileReference; fileEncoding = 4; lastKnownFileType = sourcecode.c.objc; path = AFSecurityPolicy.m; sourceTree = "<group>"; };
		2FEBEDB91D52EB040068FA2C /* AFURLRequestSerialization.h */ = {isa = PBXFileReference; fileEncoding = 4; lastKnownFileType = sourcecode.c.h; path = AFURLRequestSerialization.h; sourceTree = "<group>"; };
		2FEBEDBA1D52EB040068FA2C /* AFURLRequestSerialization.m */ = {isa = PBXFileReference; fileEncoding = 4; lastKnownFileType = sourcecode.c.objc; path = AFURLRequestSerialization.m; sourceTree = "<group>"; };
		2FEBEDBB1D52EB040068FA2C /* AFURLResponseSerialization.h */ = {isa = PBXFileReference; fileEncoding = 4; lastKnownFileType = sourcecode.c.h; path = AFURLResponseSerialization.h; sourceTree = "<group>"; };
		2FEBEDBC1D52EB040068FA2C /* AFURLResponseSerialization.m */ = {isa = PBXFileReference; fileEncoding = 4; lastKnownFileType = sourcecode.c.objc; path = AFURLResponseSerialization.m; sourceTree = "<group>"; };
		2FEBEDBD1D52EB040068FA2C /* AFURLSessionManager.h */ = {isa = PBXFileReference; fileEncoding = 4; lastKnownFileType = sourcecode.c.h; path = AFURLSessionManager.h; sourceTree = "<group>"; };
		2FEBEDBE1D52EB040068FA2C /* AFURLSessionManager.m */ = {isa = PBXFileReference; fileEncoding = 4; lastKnownFileType = sourcecode.c.objc; path = AFURLSessionManager.m; sourceTree = "<group>"; };
		2FEBEDC01D52EB040068FA2C /* MKAnnotationView+WebCache.h */ = {isa = PBXFileReference; fileEncoding = 4; lastKnownFileType = sourcecode.c.h; path = "MKAnnotationView+WebCache.h"; sourceTree = "<group>"; };
		2FEBEDC11D52EB040068FA2C /* MKAnnotationView+WebCache.m */ = {isa = PBXFileReference; fileEncoding = 4; lastKnownFileType = sourcecode.c.objc; path = "MKAnnotationView+WebCache.m"; sourceTree = "<group>"; };
		2FEBEDC21D52EB040068FA2C /* NSData+ImageContentType.h */ = {isa = PBXFileReference; fileEncoding = 4; lastKnownFileType = sourcecode.c.h; path = "NSData+ImageContentType.h"; sourceTree = "<group>"; };
		2FEBEDC31D52EB040068FA2C /* NSData+ImageContentType.m */ = {isa = PBXFileReference; fileEncoding = 4; lastKnownFileType = sourcecode.c.objc; path = "NSData+ImageContentType.m"; sourceTree = "<group>"; };
		2FEBEDC41D52EB040068FA2C /* SDImageCache.h */ = {isa = PBXFileReference; fileEncoding = 4; lastKnownFileType = sourcecode.c.h; path = SDImageCache.h; sourceTree = "<group>"; };
		2FEBEDC51D52EB040068FA2C /* SDImageCache.m */ = {isa = PBXFileReference; fileEncoding = 4; lastKnownFileType = sourcecode.c.objc; path = SDImageCache.m; sourceTree = "<group>"; };
		2FEBEDC61D52EB040068FA2C /* SDWebImageCompat.h */ = {isa = PBXFileReference; fileEncoding = 4; lastKnownFileType = sourcecode.c.h; path = SDWebImageCompat.h; sourceTree = "<group>"; };
		2FEBEDC71D52EB040068FA2C /* SDWebImageCompat.m */ = {isa = PBXFileReference; fileEncoding = 4; lastKnownFileType = sourcecode.c.objc; path = SDWebImageCompat.m; sourceTree = "<group>"; };
		2FEBEDC81D52EB040068FA2C /* SDWebImageDecoder.h */ = {isa = PBXFileReference; fileEncoding = 4; lastKnownFileType = sourcecode.c.h; path = SDWebImageDecoder.h; sourceTree = "<group>"; };
		2FEBEDC91D52EB040068FA2C /* SDWebImageDecoder.m */ = {isa = PBXFileReference; fileEncoding = 4; lastKnownFileType = sourcecode.c.objc; path = SDWebImageDecoder.m; sourceTree = "<group>"; };
		2FEBEDCA1D52EB040068FA2C /* SDWebImageDownloader.h */ = {isa = PBXFileReference; fileEncoding = 4; lastKnownFileType = sourcecode.c.h; path = SDWebImageDownloader.h; sourceTree = "<group>"; };
		2FEBEDCB1D52EB040068FA2C /* SDWebImageDownloader.m */ = {isa = PBXFileReference; fileEncoding = 4; lastKnownFileType = sourcecode.c.objc; path = SDWebImageDownloader.m; sourceTree = "<group>"; };
		2FEBEDCC1D52EB040068FA2C /* SDWebImageDownloaderOperation.h */ = {isa = PBXFileReference; fileEncoding = 4; lastKnownFileType = sourcecode.c.h; path = SDWebImageDownloaderOperation.h; sourceTree = "<group>"; };
		2FEBEDCD1D52EB040068FA2C /* SDWebImageDownloaderOperation.m */ = {isa = PBXFileReference; fileEncoding = 4; lastKnownFileType = sourcecode.c.objc; path = SDWebImageDownloaderOperation.m; sourceTree = "<group>"; };
		2FEBEDCE1D52EB040068FA2C /* SDWebImageManager.h */ = {isa = PBXFileReference; fileEncoding = 4; lastKnownFileType = sourcecode.c.h; path = SDWebImageManager.h; sourceTree = "<group>"; };
		2FEBEDCF1D52EB040068FA2C /* SDWebImageManager.m */ = {isa = PBXFileReference; fileEncoding = 4; lastKnownFileType = sourcecode.c.objc; path = SDWebImageManager.m; sourceTree = "<group>"; };
		2FEBEDD01D52EB040068FA2C /* SDWebImageOperation.h */ = {isa = PBXFileReference; fileEncoding = 4; lastKnownFileType = sourcecode.c.h; path = SDWebImageOperation.h; sourceTree = "<group>"; };
		2FEBEDD11D52EB040068FA2C /* SDWebImagePrefetcher.h */ = {isa = PBXFileReference; fileEncoding = 4; lastKnownFileType = sourcecode.c.h; path = SDWebImagePrefetcher.h; sourceTree = "<group>"; };
		2FEBEDD21D52EB040068FA2C /* SDWebImagePrefetcher.m */ = {isa = PBXFileReference; fileEncoding = 4; lastKnownFileType = sourcecode.c.objc; path = SDWebImagePrefetcher.m; sourceTree = "<group>"; };
		2FEBEDD31D52EB040068FA2C /* UIButton+WebCache.h */ = {isa = PBXFileReference; fileEncoding = 4; lastKnownFileType = sourcecode.c.h; path = "UIButton+WebCache.h"; sourceTree = "<group>"; };
		2FEBEDD41D52EB040068FA2C /* UIButton+WebCache.m */ = {isa = PBXFileReference; fileEncoding = 4; lastKnownFileType = sourcecode.c.objc; path = "UIButton+WebCache.m"; sourceTree = "<group>"; };
		2FEBEDD51D52EB040068FA2C /* UIImage+GIF.h */ = {isa = PBXFileReference; fileEncoding = 4; lastKnownFileType = sourcecode.c.h; path = "UIImage+GIF.h"; sourceTree = "<group>"; };
		2FEBEDD61D52EB040068FA2C /* UIImage+GIF.m */ = {isa = PBXFileReference; fileEncoding = 4; lastKnownFileType = sourcecode.c.objc; path = "UIImage+GIF.m"; sourceTree = "<group>"; };
		2FEBEDD71D52EB040068FA2C /* UIImage+MultiFormat.h */ = {isa = PBXFileReference; fileEncoding = 4; lastKnownFileType = sourcecode.c.h; path = "UIImage+MultiFormat.h"; sourceTree = "<group>"; };
		2FEBEDD81D52EB040068FA2C /* UIImage+MultiFormat.m */ = {isa = PBXFileReference; fileEncoding = 4; lastKnownFileType = sourcecode.c.objc; path = "UIImage+MultiFormat.m"; sourceTree = "<group>"; };
		2FEBEDD91D52EB040068FA2C /* UIImage+WebP.h */ = {isa = PBXFileReference; fileEncoding = 4; lastKnownFileType = sourcecode.c.h; path = "UIImage+WebP.h"; sourceTree = "<group>"; };
		2FEBEDDA1D52EB040068FA2C /* UIImage+WebP.m */ = {isa = PBXFileReference; fileEncoding = 4; lastKnownFileType = sourcecode.c.objc; path = "UIImage+WebP.m"; sourceTree = "<group>"; };
		2FEBEDDB1D52EB040068FA2C /* UIImageView+HighlightedWebCache.h */ = {isa = PBXFileReference; fileEncoding = 4; lastKnownFileType = sourcecode.c.h; path = "UIImageView+HighlightedWebCache.h"; sourceTree = "<group>"; };
		2FEBEDDC1D52EB040068FA2C /* UIImageView+HighlightedWebCache.m */ = {isa = PBXFileReference; fileEncoding = 4; lastKnownFileType = sourcecode.c.objc; path = "UIImageView+HighlightedWebCache.m"; sourceTree = "<group>"; };
		2FEBEDDD1D52EB040068FA2C /* UIImageView+WebCache.h */ = {isa = PBXFileReference; fileEncoding = 4; lastKnownFileType = sourcecode.c.h; path = "UIImageView+WebCache.h"; sourceTree = "<group>"; };
		2FEBEDDE1D52EB040068FA2C /* UIImageView+WebCache.m */ = {isa = PBXFileReference; fileEncoding = 4; lastKnownFileType = sourcecode.c.objc; path = "UIImageView+WebCache.m"; sourceTree = "<group>"; };
		2FEBEDDF1D52EB040068FA2C /* UIView+WebCacheOperation.h */ = {isa = PBXFileReference; fileEncoding = 4; lastKnownFileType = sourcecode.c.h; path = "UIView+WebCacheOperation.h"; sourceTree = "<group>"; };
		2FEBEDE01D52EB040068FA2C /* UIView+WebCacheOperation.m */ = {isa = PBXFileReference; fileEncoding = 4; lastKnownFileType = sourcecode.c.objc; path = "UIView+WebCacheOperation.m"; sourceTree = "<group>"; };
		2FEBEDFA1D52F2660068FA2C /* AppCell.h */ = {isa = PBXFileReference; fileEncoding = 4; lastKnownFileType = sourcecode.c.h; path = AppCell.h; sourceTree = "<group>"; };
		2FEBEDFB1D52F2660068FA2C /* AppCell.m */ = {isa = PBXFileReference; fileEncoding = 4; lastKnownFileType = sourcecode.c.objc; path = AppCell.m; sourceTree = "<group>"; };
		2FEBEDFD1D5333060068FA2C /* NSString+path.h */ = {isa = PBXFileReference; fileEncoding = 4; lastKnownFileType = sourcecode.c.h; path = "NSString+path.h"; sourceTree = "<group>"; };
		2FEBEDFE1D5333060068FA2C /* NSString+path.m */ = {isa = PBXFileReference; fileEncoding = 4; lastKnownFileType = sourcecode.c.objc; path = "NSString+path.m"; sourceTree = "<group>"; };
/* End PBXFileReference section */

/* Begin PBXFrameworksBuildPhase section */
		2FEBED8D1D52E36B0068FA2C /* Frameworks */ = {
			isa = PBXFrameworksBuildPhase;
			buildActionMask = 2147483647;
			files = (
			);
			runOnlyForDeploymentPostprocessing = 0;
		};
/* End PBXFrameworksBuildPhase section */

/* Begin PBXGroup section */
		2FEBED871D52E36B0068FA2C = {
			isa = PBXGroup;
			children = (
				2FEBED921D52E36B0068FA2C /* 11-异步下载网络图片 */,
				2FEBED911D52E36B0068FA2C /* Products */,
			);
			sourceTree = "<group>";
		};
		2FEBED911D52E36B0068FA2C /* Products */ = {
			isa = PBXGroup;
			children = (
				2FEBED901D52E36B0068FA2C /* 11-异步下载网络图片.app */,
			);
			name = Products;
			sourceTree = "<group>";
		};
		2FEBED921D52E36B0068FA2C /* 11-异步下载网络图片 */ = {
			isa = PBXGroup;
			children = (
				2FEBEDB01D52EB040068FA2C /* ThirdLib */,
				2FEBED961D52E36B0068FA2C /* AppDelegate.h */,
				2FEBED971D52E36B0068FA2C /* AppDelegate.m */,
				2FEBED991D52E36B0068FA2C /* ViewController.h */,
				2FEBED9A1D52E36B0068FA2C /* ViewController.m */,
				2FEBEDAD1D52EA520068FA2C /* AppInfo.h */,
				2FEBEDAE1D52EA520068FA2C /* AppInfo.m */,
				2FEBEDFA1D52F2660068FA2C /* AppCell.h */,
				2FEBEDFB1D52F2660068FA2C /* AppCell.m */,
				2FEBEDFD1D5333060068FA2C /* NSString+path.h */,
				2FEBEDFE1D5333060068FA2C /* NSString+path.m */,
				2FEBED9C1D52E36B0068FA2C /* Main.storyboard */,
				2FEBED9F1D52E36B0068FA2C /* Assets.xcassets */,
				2FEBEDA11D52E36B0068FA2C /* LaunchScreen.storyboard */,
				2FEBEDA41D52E36B0068FA2C /* Info.plist */,
				2FEBED931D52E36B0068FA2C /* Supporting Files */,
			);
			path = "11-异步下载网络图片";
			sourceTree = "<group>";
		};
		2FEBED931D52E36B0068FA2C /* Supporting Files */ = {
			isa = PBXGroup;
			children = (
				2FEBED941D52E36B0068FA2C /* main.m */,
			);
			name = "Supporting Files";
			sourceTree = "<group>";
		};
		2FEBEDB01D52EB040068FA2C /* ThirdLib */ = {
			isa = PBXGroup;
			children = (
				2FEBEDB11D52EB040068FA2C /* AFNetworking */,
				2FEBEDBF1D52EB040068FA2C /* SDWebImage */,
			);
			path = ThirdLib;
			sourceTree = "<group>";
		};
		2FEBEDB11D52EB040068FA2C /* AFNetworking */ = {
			isa = PBXGroup;
			children = (
				2FEBEDB21D52EB040068FA2C /* AFHTTPSessionManager.h */,
				2FEBEDB31D52EB040068FA2C /* AFHTTPSessionManager.m */,
				2FEBEDB41D52EB040068FA2C /* AFNetworking.h */,
				2FEBEDB51D52EB040068FA2C /* AFNetworkReachabilityManager.h */,
				2FEBEDB61D52EB040068FA2C /* AFNetworkReachabilityManager.m */,
				2FEBEDB71D52EB040068FA2C /* AFSecurityPolicy.h */,
				2FEBEDB81D52EB040068FA2C /* AFSecurityPolicy.m */,
				2FEBEDB91D52EB040068FA2C /* AFURLRequestSerialization.h */,
				2FEBEDBA1D52EB040068FA2C /* AFURLRequestSerialization.m */,
				2FEBEDBB1D52EB040068FA2C /* AFURLResponseSerialization.h */,
				2FEBEDBC1D52EB040068FA2C /* AFURLResponseSerialization.m */,
				2FEBEDBD1D52EB040068FA2C /* AFURLSessionManager.h */,
				2FEBEDBE1D52EB040068FA2C /* AFURLSessionManager.m */,
			);
			path = AFNetworking;
			sourceTree = "<group>";
		};
		2FEBEDBF1D52EB040068FA2C /* SDWebImage */ = {
			isa = PBXGroup;
			children = (
				2FEBEDC01D52EB040068FA2C /* MKAnnotationView+WebCache.h */,
				2FEBEDC11D52EB040068FA2C /* MKAnnotationView+WebCache.m */,
				2FEBEDC21D52EB040068FA2C /* NSData+ImageContentType.h */,
				2FEBEDC31D52EB040068FA2C /* NSData+ImageContentType.m */,
				2FEBEDC41D52EB040068FA2C /* SDImageCache.h */,
				2FEBEDC51D52EB040068FA2C /* SDImageCache.m */,
				2FEBEDC61D52EB040068FA2C /* SDWebImageCompat.h */,
				2FEBEDC71D52EB040068FA2C /* SDWebImageCompat.m */,
				2FEBEDC81D52EB040068FA2C /* SDWebImageDecoder.h */,
				2FEBEDC91D52EB040068FA2C /* SDWebImageDecoder.m */,
				2FEBEDCA1D52EB040068FA2C /* SDWebImageDownloader.h */,
				2FEBEDCB1D52EB040068FA2C /* SDWebImageDownloader.m */,
				2FEBEDCC1D52EB040068FA2C /* SDWebImageDownloaderOperation.h */,
				2FEBEDCD1D52EB040068FA2C /* SDWebImageDownloaderOperation.m */,
				2FEBEDCE1D52EB040068FA2C /* SDWebImageManager.h */,
				2FEBEDCF1D52EB040068FA2C /* SDWebImageManager.m */,
				2FEBEDD01D52EB040068FA2C /* SDWebImageOperation.h */,
				2FEBEDD11D52EB040068FA2C /* SDWebImagePrefetcher.h */,
				2FEBEDD21D52EB040068FA2C /* SDWebImagePrefetcher.m */,
				2FEBEDD31D52EB040068FA2C /* UIButton+WebCache.h */,
				2FEBEDD41D52EB040068FA2C /* UIButton+WebCache.m */,
				2FEBEDD51D52EB040068FA2C /* UIImage+GIF.h */,
				2FEBEDD61D52EB040068FA2C /* UIImage+GIF.m */,
				2FEBEDD71D52EB040068FA2C /* UIImage+MultiFormat.h */,
				2FEBEDD81D52EB040068FA2C /* UIImage+MultiFormat.m */,
				2FEBEDD91D52EB040068FA2C /* UIImage+WebP.h */,
				2FEBEDDA1D52EB040068FA2C /* UIImage+WebP.m */,
				2FEBEDDB1D52EB040068FA2C /* UIImageView+HighlightedWebCache.h */,
				2FEBEDDC1D52EB040068FA2C /* UIImageView+HighlightedWebCache.m */,
				2FEBEDDD1D52EB040068FA2C /* UIImageView+WebCache.h */,
				2FEBEDDE1D52EB040068FA2C /* UIImageView+WebCache.m */,
				2FEBEDDF1D52EB040068FA2C /* UIView+WebCacheOperation.h */,
				2FEBEDE01D52EB040068FA2C /* UIView+WebCacheOperation.m */,
			);
			path = SDWebImage;
			sourceTree = "<group>";
		};
/* End PBXGroup section */

/* Begin PBXNativeTarget section */
		2FEBED8F1D52E36B0068FA2C /* 11-异步下载网络图片 */ = {
			isa = PBXNativeTarget;
			buildConfigurationList = 2FEBEDA71D52E36B0068FA2C /* Build configuration list for PBXNativeTarget "11-异步下载网络图片" */;
			buildPhases = (
				2FEBED8C1D52E36B0068FA2C /* Sources */,
				2FEBED8D1D52E36B0068FA2C /* Frameworks */,
				2FEBED8E1D52E36B0068FA2C /* Resources */,
			);
			buildRules = (
			);
			dependencies = (
			);
			name = "11-异步下载网络图片";
			productName = "11-异步下载网络图片";
			productReference = 2FEBED901D52E36B0068FA2C /* 11-异步下载网络图片.app */;
			productType = "com.apple.product-type.application";
		};
/* End PBXNativeTarget section */

/* Begin PBXProject section */
		2FEBED881D52E36B0068FA2C /* Project object */ = {
			isa = PBXProject;
			attributes = {
				LastUpgradeCheck = 0720;
				ORGANIZATIONNAME = zhangjie;
				TargetAttributes = {
					2FEBED8F1D52E36B0068FA2C = {
						CreatedOnToolsVersion = 7.2.1;
						DevelopmentTeam = PL54FJP7BN;
					};
				};
			};
			buildConfigurationList = 2FEBED8B1D52E36B0068FA2C /* Build configuration list for PBXProject "11-异步下载网络图片" */;
			compatibilityVersion = "Xcode 3.2";
			developmentRegion = English;
			hasScannedForEncodings = 0;
			knownRegions = (
				en,
				Base,
			);
			mainGroup = 2FEBED871D52E36B0068FA2C;
			productRefGroup = 2FEBED911D52E36B0068FA2C /* Products */;
			projectDirPath = "";
			projectRoot = "";
			targets = (
				2FEBED8F1D52E36B0068FA2C /* 11-异步下载网络图片 */,
			);
		};
/* End PBXProject section */

/* Begin PBXResourcesBuildPhase section */
		2FEBED8E1D52E36B0068FA2C /* Resources */ = {
			isa = PBXResourcesBuildPhase;
			buildActionMask = 2147483647;
			files = (
				2FEBEDA31D52E36B0068FA2C /* LaunchScreen.storyboard in Resources */,
				2FEBEDA01D52E36B0068FA2C /* Assets.xcassets in Resources */,
				2FEBED9E1D52E36B0068FA2C /* Main.storyboard in Resources */,
			);
			runOnlyForDeploymentPostprocessing = 0;
		};
/* End PBXResourcesBuildPhase section */

/* Begin PBXSourcesBuildPhase section */
		2FEBED8C1D52E36B0068FA2C /* Sources */ = {
			isa = PBXSourcesBuildPhase;
			buildActionMask = 2147483647;
			files = (
				2FEBEDE31D52EB040068FA2C /* AFSecurityPolicy.m in Sources */,
				2FEBEDE71D52EB040068FA2C /* MKAnnotationView+WebCache.m in Sources */,
				2FEBEDE51D52EB040068FA2C /* AFURLResponseSerialization.m in Sources */,
				2FEBEDEF1D52EB040068FA2C /* SDWebImagePrefetcher.m in Sources */,
				2FEBEDEE1D52EB040068FA2C /* SDWebImageManager.m in Sources */,
				2FEBED9B1D52E36B0068FA2C /* ViewController.m in Sources */,
				2FEBEDAF1D52EA520068FA2C /* AppInfo.m in Sources */,
				2FEBEDF51D52EB040068FA2C /* UIImageView+WebCache.m in Sources */,
				2FEBEDEA1D52EB040068FA2C /* SDWebImageCompat.m in Sources */,
				2FEBEDFC1D52F2660068FA2C /* AppCell.m in Sources */,
				2FEBEDE11D52EB040068FA2C /* AFHTTPSessionManager.m in Sources */,
				2FEBEDEB1D52EB040068FA2C /* SDWebImageDecoder.m in Sources */,
				2FEBEDF21D52EB040068FA2C /* UIImage+MultiFormat.m in Sources */,
				2FEBEDF31D52EB040068FA2C /* UIImage+WebP.m in Sources */,
				2FEBEDFF1D5333060068FA2C /* NSString+path.m in Sources */,
				2FEBEDED1D52EB040068FA2C /* SDWebImageDownloaderOperation.m in Sources */,
				2FEBEDF61D52EB040068FA2C /* UIView+WebCacheOperation.m in Sources */,
				2FEBEDEC1D52EB040068FA2C /* SDWebImageDownloader.m in Sources */,
				2FEBEDF11D52EB040068FA2C /* UIImage+GIF.m in Sources */,
				2FEBEDE61D52EB040068FA2C /* AFURLSessionManager.m in Sources */,
				2FEBED981D52E36B0068FA2C /* AppDelegate.m in Sources */,
				2FEBEDE21D52EB040068FA2C /* AFNetworkReachabilityManager.m in Sources */,
				2FEBEDF41D52EB040068FA2C /* UIImageView+HighlightedWebCache.m in Sources */,
				2FEBED951D52E36B0068FA2C /* main.m in Sources */,
				2FEBEDE91D52EB040068FA2C /* SDImageCache.m in Sources */,
				2FEBEDF01D52EB040068FA2C /* UIButton+WebCache.m in Sources */,
				2FEBEDE81D52EB040068FA2C /* NSData+ImageContentType.m in Sources */,
				2FEBEDE41D52EB040068FA2C /* AFURLRequestSerialization.m in Sources */,
			);
			runOnlyForDeploymentPostprocessing = 0;
		};
/* End PBXSourcesBuildPhase section */

/* Begin PBXVariantGroup section */
		2FEBED9C1D52E36B0068FA2C /* Main.storyboard */ = {
			isa = PBXVariantGroup;
			children = (
				2FEBED9D1D52E36B0068FA2C /* Base */,
			);
			name = Main.storyboard;
			sourceTree = "<group>";
		};
		2FEBEDA11D52E36B0068FA2C /* LaunchScreen.storyboard */ = {
			isa = PBXVariantGroup;
			children = (
				2FEBEDA21D52E36B0068FA2C /* Base */,
			);
			name = LaunchScreen.storyboard;
			sourceTree = "<group>";
		};
/* End PBXVariantGroup section */

/* Begin XCBuildConfiguration section */
		2FEBEDA51D52E36B0068FA2C /* Debug */ = {
			isa = XCBuildConfiguration;
			buildSettings = {
				ALWAYS_SEARCH_USER_PATHS = NO;
				CLANG_CXX_LANGUAGE_STANDARD = "gnu++0x";
				CLANG_CXX_LIBRARY = "libc++";
				CLANG_ENABLE_MODULES = YES;
				CLANG_ENABLE_OBJC_ARC = YES;
				CLANG_WARN_BOOL_CONVERSION = YES;
				CLANG_WARN_CONSTANT_CONVERSION = YES;
				CLANG_WARN_DIRECT_OBJC_ISA_USAGE = YES_ERROR;
				CLANG_WARN_EMPTY_BODY = YES;
				CLANG_WARN_ENUM_CONVERSION = YES;
				CLANG_WARN_INT_CONVERSION = YES;
				CLANG_WARN_OBJC_ROOT_CLASS = YES_ERROR;
				CLANG_WARN_UNREACHABLE_CODE = YES;
				CLANG_WARN__DUPLICATE_METHOD_MATCH = YES;
				"CODE_SIGN_IDENTITY[sdk=iphoneos*]" = "iPhone Developer";
				COPY_PHASE_STRIP = NO;
				DEBUG_INFORMATION_FORMAT = dwarf;
				ENABLE_STRICT_OBJC_MSGSEND = YES;
				ENABLE_TESTABILITY = YES;
				GCC_C_LANGUAGE_STANDARD = gnu99;
				GCC_DYNAMIC_NO_PIC = NO;
				GCC_NO_COMMON_BLOCKS = YES;
				GCC_OPTIMIZATION_LEVEL = 0;
				GCC_PREPROCESSOR_DEFINITIONS = (
					"DEBUG=1",
					"$(inherited)",
				);
				GCC_WARN_64_TO_32_BIT_CONVERSION = YES;
				GCC_WARN_ABOUT_RETURN_TYPE = YES_ERROR;
				GCC_WARN_UNDECLARED_SELECTOR = YES;
				GCC_WARN_UNINITIALIZED_AUTOS = YES_AGGRESSIVE;
				GCC_WARN_UNUSED_FUNCTION = YES;
				GCC_WARN_UNUSED_VARIABLE = YES;
				IPHONEOS_DEPLOYMENT_TARGET = 9.2;
				MTL_ENABLE_DEBUG_INFO = YES;
				ONLY_ACTIVE_ARCH = YES;
				SDKROOT = iphoneos;
			};
			name = Debug;
		};
		2FEBEDA61D52E36B0068FA2C /* Release */ = {
			isa = XCBuildConfiguration;
			buildSettings = {
				ALWAYS_SEARCH_USER_PATHS = NO;
				CLANG_CXX_LANGUAGE_STANDARD = "gnu++0x";
				CLANG_CXX_LIBRARY = "libc++";
				CLANG_ENABLE_MODULES = YES;
				CLANG_ENABLE_OBJC_ARC = YES;
				CLANG_WARN_BOOL_CONVERSION = YES;
				CLANG_WARN_CONSTANT_CONVERSION = YES;
				CLANG_WARN_DIRECT_OBJC_ISA_USAGE = YES_ERROR;
				CLANG_WARN_EMPTY_BODY = YES;
				CLANG_WARN_ENUM_CONVERSION = YES;
				CLANG_WARN_INT_CONVERSION = YES;
				CLANG_WARN_OBJC_ROOT_CLASS = YES_ERROR;
				CLANG_WARN_UNREACHABLE_CODE = YES;
				CLANG_WARN__DUPLICATE_METHOD_MATCH = YES;
				"CODE_SIGN_IDENTITY[sdk=iphoneos*]" = "iPhone Developer";
				COPY_PHASE_STRIP = NO;
				DEBUG_INFORMATION_FORMAT = "dwarf-with-dsym";
				ENABLE_NS_ASSERTIONS = NO;
				ENABLE_STRICT_OBJC_MSGSEND = YES;
				GCC_C_LANGUAGE_STANDARD = gnu99;
				GCC_NO_COMMON_BLOCKS = YES;
				GCC_WARN_64_TO_32_BIT_CONVERSION = YES;
				GCC_WARN_ABOUT_RETURN_TYPE = YES_ERROR;
				GCC_WARN_UNDECLARED_SELECTOR = YES;
				GCC_WARN_UNINITIALIZED_AUTOS = YES_AGGRESSIVE;
				GCC_WARN_UNUSED_FUNCTION = YES;
				GCC_WARN_UNUSED_VARIABLE = YES;
				IPHONEOS_DEPLOYMENT_TARGET = 9.2;
				MTL_ENABLE_DEBUG_INFO = NO;
				SDKROOT = iphoneos;
				VALIDATE_PRODUCT = YES;
			};
			name = Release;
		};
		2FEBEDA81D52E36B0068FA2C /* Debug */ = {
			isa = XCBuildConfiguration;
			buildSettings = {
				ASSETCATALOG_COMPILER_APPICON_NAME = AppIcon;
				INFOPLIST_FILE = "11-异步下载网络图片/Info.plist";
				LD_RUNPATH_SEARCH_PATHS = "$(inherited) @executable_path/Frameworks";
				PRODUCT_BUNDLE_IDENTIFIER = "xiaojie.-1---------";
				PRODUCT_NAME = "$(TARGET_NAME)";
			};
			name = Debug;
		};
		2FEBEDA91D52E36B0068FA2C /* Release */ = {
			isa = XCBuildConfiguration;
			buildSettings = {
				ASSETCATALOG_COMPILER_APPICON_NAME = AppIcon;
				INFOPLIST_FILE = "11-异步下载网络图片/Info.plist";
				LD_RUNPATH_SEARCH_PATHS = "$(inherited) @executable_path/Frameworks";
				PRODUCT_BUNDLE_IDENTIFIER = "xiaojie.-1---------";
				PRODUCT_NAME = "$(TARGET_NAME)";
			};
			name = Release;
		};
/* End XCBuildConfiguration section */

/* Begin XCConfigurationList section */
		2FEBED8B1D52E36B0068FA2C /* Build configuration list for PBXProject "11-异步下载网络图片" */ = {
			isa = XCConfigurationList;
			buildConfigurations = (
				2FEBEDA51D52E36B0068FA2C /* Debug */,
				2FEBEDA61D52E36B0068FA2C /* Release */,
			);
			defaultConfigurationIsVisible = 0;
			defaultConfigurationName = Release;
		};
		2FEBEDA71D52E36B0068FA2C /* Build configuration list for PBXNativeTarget "11-异步下载网络图片" */ = {
			isa = XCConfigurationList;
			buildConfigurations = (
				2FEBEDA81D52E36B0068FA2C /* Debug */,
				2FEBEDA91D52E36B0068FA2C /* Release */,
			);
			defaultConfigurationIsVisible = 0;
			defaultConfigurationName = Release;
		};
/* End XCConfigurationList section */
	};
	rootObject = 2FEBED881D52E36B0068FA2C /* Project object */;
}
